# This file is autogenerated, do not edit; changes may be undone by the next 'dep ensure'.


[[projects]]
  digest = "1:cb53653e4e410ef91f3a83568464ef966e1732ad9a00b2719571f90eae9a15a7"
  name = "github.com/go-chi/chi"
  packages = [
    ".",
    "middleware",
  ]
  pruneopts = "UT"
  revision = "08d9051ef6546d57c5dca8eae13e6df362e2d568"
  version = "v3.3.4"

[solve-meta]
  analyzer-name = "dep"
  analyzer-version = 1
  input-imports = [
    "github.com/go-chi/chi",
    "github.com/go-chi/chi/middleware",
  ]
  solver-name = "gps-cdcl"
  solver-version = 1
